PODS:
  - SDWebImage (5.5.1):
    - SDWebImage/Core (= 5.5.1)
  - SDWebImage/Core (5.5.1)

DEPENDENCIES:
  - SDWebImage (~> 5.0)

SPEC REPOS:
  trunk:
    - SDWebImage

SPEC CHECKSUMS:
  SDWebImage: 1245d058b7b8f59adef7a6da6bbafd4f1ab67041

PODFILE CHECKSUM: 8a4046dc40cf40ef3229f54dbb057460da61fe1b

COCOAPODS: 1.8.4
